
Microsoft Visual Studio Solution File, Format Version 12.00
# Visual Studio 14
VisualStudioVersion = 14.0.25420.1
MinimumVisualStudioVersion = 10.0.40219.1
Project("{F184B08F-C81C-45F6-A57F-5ABD9991F28F}") = "ConvertDayOfTheWeek-CIS1501-Week5", "ConvertDayOfTheWeek-CIS1501-Week5\ConvertDayOfTheWeek-CIS1501-Week5.vbproj", "{7D9680DF-CDA4-4038-8D44-DCD1303D2C1E}"
EndProject
Global
	GlobalSection(SolutionConfigurationPlatforms) = preSolution
		Debug|Any CPU = Debug|Any CPU
		Release|Any CPU = Release|Any CPU
	EndGlobalSection
	GlobalSection(ProjectConfigurationPlatforms) = postSolution
		{7D9680DF-CDA4-4038-8D44-DCD1303D2C1E}.Debug|Any CPU.ActiveCfg = Debug|Any CPU
		{7D9680DF-CDA4-4038-8D44-DCD1303D2C1E}.Debug|Any CPU.Build.0 = Debug|Any CPU
		{7D9680DF-CDA4-4038-8D44-DCD1303D2C1E}.Release|Any CPU.ActiveCfg = Release|Any CPU
		{7D9680DF-CDA4-4038-8D44-DCD1303D2C1E}.Release|Any CPU.Build.0 = Release|Any CPU
	EndGlobalSection
	GlobalSection(SolutionProperties) = preSolution
		HideSolutionNode = FALSE
	EndGlobalSection
EndGlobal
